// !$*UTF8*$!
{
	archiveVersion = 1;
	classes = {
	};
	objectVersion = 50;
	objects = {

/* Begin PBXBuildFile section */
		C0748EDA2698C20A00C00498 /* AppDelegate.swift in Sources */ = {isa = PBXBuildFile; fileRef = C0748ED92698C20A00C00498 /* AppDelegate.swift */; };
		C0748EDC2698C20A00C00498 /* SceneDelegate.swift in Sources */ = {isa = PBXBuildFile; fileRef = C0748EDB2698C20A00C00498 /* SceneDelegate.swift */; };
		C0748EDE2698C20A00C00498 /* ViewController.swift in Sources */ = {isa = PBXBuildFile; fileRef = C0748EDD2698C20A00C00498 /* ViewController.swift */; };
		C0748EE12698C20A00C00498 /* Main.storyboard in Resources */ = {isa = PBXBuildFile; fileRef = C0748EDF2698C20A00C00498 /* Main.storyboard */; };
		C0748EE32698C20B00C00498 /* Assets.xcassets in Resources */ = {isa = PBXBuildFile; fileRef = C0748EE22698C20B00C00498 /* Assets.xcassets */; };
		C0748EE62698C20B00C00498 /* LaunchScreen.storyboard in Resources */ = {isa = PBXBuildFile; fileRef = C0748EE42698C20B00C00498 /* LaunchScreen.storyboard */; };
		F730EC92A94C3D8CD2D67B6D /* libPods-Recipes-IOS.a in Frameworks */ = {isa = PBXBuildFile; fileRef = A6F5FEF09CBD1C0BD296E1B6 /* libPods-Recipes-IOS.a */; };
/* End PBXBuildFile section */

/* Begin PBXFileReference section */
		099A36197B1D676C633E9A13 /* Pods-Recipes-IOS.release.xcconfig */ = {isa = PBXFileReference; includeInIndex = 1; lastKnownFileType = text.xcconfig; name = "Pods-Recipes-IOS.release.xcconfig"; path = "Target Support Files/Pods-Recipes-IOS/Pods-Recipes-IOS.release.xcconfig"; sourceTree = "<group>"; };
		0C2C959EC68192EE4A1B7372 /* Pods-Recipes-IOS.debug.xcconfig */ = {isa = PBXFileReference; includeInIndex = 1; lastKnownFileType = text.xcconfig; name = "Pods-Recipes-IOS.debug.xcconfig"; path = "Target Support Files/Pods-Recipes-IOS/Pods-Recipes-IOS.debug.xcconfig"; sourceTree = "<group>"; };
		A6F5FEF09CBD1C0BD296E1B6 /* libPods-Recipes-IOS.a */ = {isa = PBXFileReference; explicitFileType = archive.ar; includeInIndex = 0; path = "libPods-Recipes-IOS.a"; sourceTree = BUILT_PRODUCTS_DIR; };
		C0748ED62698C20A00C00498 /* Recipes-IOS.app */ = {isa = PBXFileReference; explicitFileType = wrapper.application; includeInIndex = 0; path = "Recipes-IOS.app"; sourceTree = BUILT_PRODUCTS_DIR; };
		C0748ED92698C20A00C00498 /* AppDelegate.swift */ = {isa = PBXFileReference; lastKnownFileType = sourcecode.swift; path = AppDelegate.swift; sourceTree = "<group>"; };
		C0748EDB2698C20A00C00498 /* SceneDelegate.swift */ = {isa = PBXFileReference; lastKnownFileType = sourcecode.swift; path = SceneDelegate.swift; sourceTree = "<group>"; };
		C0748EDD2698C20A00C00498 /* ViewController.swift */ = {isa = PBXFileReference; lastKnownFileType = sourcecode.swift; path = ViewController.swift; sourceTree = "<group>"; };
		C0748EE02698C20A00C00498 /* Base */ = {isa = PBXFileReference; lastKnownFileType = file.storyboard; name = Base; path = Base.lproj/Main.storyboard; sourceTree = "<group>"; };
		C0748EE22698C20B00C00498 /* Assets.xcassets */ = {isa = PBXFileReference; lastKnownFileType = folder.assetcatalog; path = Assets.xcassets; sourceTree = "<group>"; };
		C0748EE52698C20B00C00498 /* Base */ = {isa = PBXFileReference; lastKnownFileType = file.storyboard; name = Base; path = Base.lproj/LaunchScreen.storyboard; sourceTree = "<group>"; };
		C0748EE72698C20B00C00498 /* Info.plist */ = {isa = PBXFileReference; lastKnownFileType = text.plist.xml; path = Info.plist; sourceTree = "<group>"; };
/* End PBXFileReference section */

/* Begin PBXFrameworksBuildPhase section */
		C0748ED32698C20A00C00498 /* Frameworks */ = {
			isa = PBXFrameworksBuildPhase;
			buildActionMask = 2147483647;
			files = (
				F730EC92A94C3D8CD2D67B6D /* libPods-Recipes-IOS.a in Frameworks */,
			);
			runOnlyForDeploymentPostprocessing = 0;
		};
/* End PBXFrameworksBuildPhase section */

/* Begin PBXGroup section */
		4584EC3A523BB8B651DBB366 /* Pods */ = {
			isa = PBXGroup;
			children = (
				0C2C959EC68192EE4A1B7372 /* Pods-Recipes-IOS.debug.xcconfig */,
				099A36197B1D676C633E9A13 /* Pods-Recipes-IOS.release.xcconfig */,
			);
			path = Pods;
			sourceTree = "<group>";
		};
		C0748ECD2698C20A00C00498 = {
			isa = PBXGroup;
			children = (
				C0748ED82698C20A00C00498 /* Recipes-IOS */,
				C0748ED72698C20A00C00498 /* Products */,
				4584EC3A523BB8B651DBB366 /* Pods */,
				C262C3C53FFE440220F7092C /* Frameworks */,
			);
			sourceTree = "<group>";
		};
		C0748ED72698C20A00C00498 /* Products */ = {
			isa = PBXGroup;
			children = (
				C0748ED62698C20A00C00498 /* Recipes-IOS.app */,
			);
			name = Products;
			sourceTree = "<group>";
		};
		C0748ED82698C20A00C00498 /* Recipes-IOS */ = {
			isa = PBXGroup;
			children = (
				C0748ED92698C20A00C00498 /* AppDelegate.swift */,
				C0748EDB2698C20A00C00498 /* SceneDelegate.swift */,
				C0748EDD2698C20A00C00498 /* ViewController.swift */,
				C0748EDF2698C20A00C00498 /* Main.storyboard */,
				C0748EE22698C20B00C00498 /* Assets.xcassets */,
				C0748EE42698C20B00C00498 /* LaunchScreen.storyboard */,
				C0748EE72698C20B00C00498 /* Info.plist */,
			);
			path = "Recipes-IOS";
			sourceTree = "<group>";
		};
		C262C3C53FFE440220F7092C /* Frameworks */ = {
			isa = PBXGroup;
			children = (
				A6F5FEF09CBD1C0BD296E1B6 /* libPods-Recipes-IOS.a */,
			);
			name = Frameworks;
			sourceTree = "<group>";
		};
/* End PBXGroup section */

/* Begin PBXNativeTarget section */
		C0748ED52698C20A00C00498 /* Recipes-IOS */ = {
			isa = PBXNativeTarget;
			buildConfigurationList = C0748EEA2698C20B00C00498 /* Build configuration list for PBXNativeTarget "Recipes-IOS" */;
			buildPhases = (
				F93EA8C0243CF3122E565369 /* [CP] Check Pods Manifest.lock */,
				C0748ED22698C20A00C00498 /* Sources */,
				C0748ED32698C20A00C00498 /* Frameworks */,
				C0748ED42698C20A00C00498 /* Resources */,
			);
			buildRules = (
			);
			dependencies = (
			);
			name = "Recipes-IOS";
			productName = "Recipes-IOS";
			productReference = C0748ED62698C20A00C00498 /* Recipes-IOS.app */;
			productType = "com.apple.product-type.application";
		};
/* End PBXNativeTarget section */

/* Begin PBXProject section */
		C0748ECE2698C20A00C00498 /* Project object */ = {
			isa = PBXProject;
			attributes = {
				LastSwiftUpdateCheck = 1250;
				LastUpgradeCheck = 1250;
				TargetAttributes = {
					C0748ED52698C20A00C00498 = {
						CreatedOnToolsVersion = 12.5;
					};
				};
			};
			buildConfigurationList = C0748ED12698C20A00C00498 /* Build configuration list for PBXProject "Recipes-IOS" */;
			compatibilityVersion = "Xcode 9.3";
			developmentRegion = en;
			hasScannedForEncodings = 0;
			knownRegions = (
				en,
				Base,
			);
			mainGroup = C0748ECD2698C20A00C00498;
			productRefGroup = C0748ED72698C20A00C00498 /* Products */;
			projectDirPath = "";
			projectRoot = "";
			targets = (
				C0748ED52698C20A00C00498 /* Recipes-IOS */,
			);
		};
/* End PBXProject section */

/* Begin PBXResourcesBuildPhase section */
		C0748ED42698C20A00C00498 /* Resources */ = {
			isa = PBXResourcesBuildPhase;
			buildActionMask = 2147483647;
			files = (
				C0748EE62698C20B00C00498 /* LaunchScreen.storyboard in Resources */,
				C0748EE32698C20B00C00498 /* Assets.xcassets in Resources */,
				C0748EE12698C20A00C00498 /* Main.storyboard in Resources */,
			);
			runOnlyForDeploymentPostprocessing = 0;
		};
/* End PBXResourcesBuildPhase section */

/* Begin PBXShellScriptBuildPhase section */
		F93EA8C0243CF3122E565369 /* [CP] Check Pods Manifest.lock */ = {
			isa = PBXShellScriptBuildPhase;
			buildActionMask = 2147483647;
			files = (
			);
			inputFileListPaths = (
			);
			inputPaths = (
				"${PODS_PODFILE_DIR_PATH}/Podfile.lock",
				"${PODS_ROOT}/Manifest.lock",
			);
			name = "[CP] Check Pods Manifest.lock";
			outputFileListPaths = (
			);
			outputPaths = (
				"$(DERIVED_FILE_DIR)/Pods-Recipes-IOS-checkManifestLockResult.txt",
			);
			runOnlyForDeploymentPostprocessing = 0;
			shellPath = /bin/sh;
			shellScript = "diff \"${PODS_PODFILE_DIR_PATH}/Podfile.lock\" \"${PODS_ROOT}/Manifest.lock\" > /dev/null\nif [ $? != 0 ] ; then\n    # print error to STDERR\n    echo \"error: The sandbox is not in sync with the Podfile.lock. Run 'pod install' or update your CocoaPods installation.\" >&2\n    exit 1\nfi\n# This output is used by Xcode 'outputs' to avoid re-running this script phase.\necho \"SUCCESS\" > \"${SCRIPT_OUTPUT_FILE_0}\"\n";
			showEnvVarsInLog = 0;
		};
/* End PBXShellScriptBuildPhase section */

/* Begin PBXSourcesBuildPhase section */
		C0748ED22698C20A00C00498 /* Sources */ = {
			isa = PBXSourcesBuildPhase;
			buildActionMask = 2147483647;
			files = (
				C0748EDE2698C20A00C00498 /* ViewController.swift in Sources */,
				C0748EDA2698C20A00C00498 /* AppDelegate.swift in Sources */,
				C0748EDC2698C20A00C00498 /* SceneDelegate.swift in Sources */,
			);
			runOnlyForDeploymentPostprocessing = 0;
		};
/* End PBXSourcesBuildPhase section */

/* Begin PBXVariantGroup section */
		C0748EDF2698C20A00C00498 /* Main.storyboard */ = {
			isa = PBXVariantGroup;
			children = (
				C0748EE02698C20A00C00498 /* Base */,
			);
			name = Main.storyboard;
			sourceTree = "<group>";
		};
		C0748EE42698C20B00C00498 /* LaunchScreen.storyboard */ = {
			isa = PBXVariantGroup;
			children = (
				C0748EE52698C20B00C00498 /* Base */,
			);
			name = LaunchScreen.storyboard;
			sourceTree = "<group>";
		};
/* End PBXVariantGroup section */

/* Begin XCBuildConfiguration section */
		C0748EE82698C20B00C00498 /* Debug */ = {
			isa = XCBuildConfiguration;
			buildSettings = {
				ALWAYS_SEARCH_USER_PATHS = NO;
				CLANG_ANALYZER_NONNULL = YES;
				CLANG_ANALYZER_NUMBER_OBJECT_CONVERSION = YES_AGGRESSIVE;
				CLANG_CXX_LANGUAGE_STANDARD = "gnu++14";
				CLANG_CXX_LIBRARY = "libc++";
				CLANG_ENABLE_MODULES = YES;
				CLANG_ENABLE_OBJC_ARC = YES;
				CLANG_ENABLE_OBJC_WEAK = YES;
				CLANG_WARN_BLOCK_CAPTURE_AUTORELEASING = YES;
				CLANG_WARN_BOOL_CONVERSION = YES;
				CLANG_WARN_COMMA = YES;
				CLANG_WARN_CONSTANT_CONVERSION = YES;
				CLANG_WARN_DEPRECATED_OBJC_IMPLEMENTATIONS = YES;
				CLANG_WARN_DIRECT_OBJC_ISA_USAGE = YES_ERROR;
				CLANG_WARN_DOCUMENTATION_COMMENTS = YES;
				CLANG_WARN_EMPTY_BODY = YES;
				CLANG_WARN_ENUM_CONVERSION = YES;
				CLANG_WARN_INFINITE_RECURSION = YES;
				CLANG_WARN_INT_CONVERSION = YES;
				CLANG_WARN_NON_LITERAL_NULL_CONVERSION = YES;
				CLANG_WARN_OBJC_IMPLICIT_RETAIN_SELF = YES;
				CLANG_WARN_OBJC_LITERAL_CONVERSION = YES;
				CLANG_WARN_OBJC_ROOT_CLASS = YES_ERROR;
				CLANG_WARN_QUOTED_INCLUDE_IN_FRAMEWORK_HEADER = YES;
				CLANG_WARN_RANGE_LOOP_ANALYSIS = YES;
				CLANG_WARN_STRICT_PROTOTYPES = YES;
				CLANG_WARN_SUSPICIOUS_MOVE = YES;
				CLANG_WARN_UNGUARDED_AVAILABILITY = YES_AGGRESSIVE;
				CLANG_WARN_UNREACHABLE_CODE = YES;
				CLANG_WARN__DUPLICATE_METHOD_MATCH = YES;
				COPY_PHASE_STRIP = NO;
				DEBUG_INFORMATION_FORMAT = dwarf;
				ENABLE_STRICT_OBJC_MSGSEND = YES;
				ENABLE_TESTABILITY = YES;
				GCC_C_LANGUAGE_STANDARD = gnu11;
				GCC_DYNAMIC_NO_PIC = NO;
				GCC_NO_COMMON_BLOCKS = YES;
				GCC_OPTIMIZATION_LEVEL = 0;
				GCC_PREPROCESSOR_DEFINITIONS = (
					"DEBUG=1",
					"$(inherited)",
				);
				GCC_WARN_64_TO_32_BIT_CONVERSION = YES;
				GCC_WARN_ABOUT_RETURN_TYPE = YES_ERROR;
				GCC_WARN_UNDECLARED_SELECTOR = YES;
				GCC_WARN_UNINITIALIZED_AUTOS = YES_AGGRESSIVE;
				GCC_WARN_UNUSED_FUNCTION = YES;
				GCC_WARN_UNUSED_VARIABLE = YES;
				IPHONEOS_DEPLOYMENT_TARGET = 14.5;
				MTL_ENABLE_DEBUG_INFO = INCLUDE_SOURCE;
				MTL_FAST_MATH = YES;
				ONLY_ACTIVE_ARCH = YES;
				SDKROOT = iphoneos;
				SWIFT_ACTIVE_COMPILATION_CONDITIONS = DEBUG;
				SWIFT_OPTIMIZATION_LEVEL = "-Onone";
				SWIFT_VERSION = 5.0;
			};
			name = Debug;
		};
		C0748EE92698C20B00C00498 /* Release */ = {
			isa = XCBuildConfiguration;
			buildSettings = {
				ALWAYS_SEARCH_USER_PATHS = NO;
				CLANG_ANALYZER_NONNULL = YES;
				CLANG_ANALYZER_NUMBER_OBJECT_CONVERSION = YES_AGGRESSIVE;
				CLANG_CXX_LANGUAGE_STANDARD = "gnu++14";
				CLANG_CXX_LIBRARY = "libc++";
				CLANG_ENABLE_MODULES = YES;
				CLANG_ENABLE_OBJC_ARC = YES;
				CLANG_ENABLE_OBJC_WEAK = YES;
				CLANG_WARN_BLOCK_CAPTURE_AUTORELEASING = YES;
				CLANG_WARN_BOOL_CONVERSION = YES;
				CLANG_WARN_COMMA = YES;
				CLANG_WARN_CONSTANT_CONVERSION = YES;
				CLANG_WARN_DEPRECATED_OBJC_IMPLEMENTATIONS = YES;
				CLANG_WARN_DIRECT_OBJC_ISA_USAGE = YES_ERROR;
				CLANG_WARN_DOCUMENTATION_COMMENTS = YES;
				CLANG_WARN_EMPTY_BODY = YES;
				CLANG_WARN_ENUM_CONVERSION = YES;
				CLANG_WARN_INFINITE_RECURSION = YES;
				CLANG_WARN_INT_CONVERSION = YES;
				CLANG_WARN_NON_LITERAL_NULL_CONVERSION = YES;
				CLANG_WARN_OBJC_IMPLICIT_RETAIN_SELF = YES;
				CLANG_WARN_OBJC_LITERAL_CONVERSION = YES;
				CLANG_WARN_OBJC_ROOT_CLASS = YES_ERROR;
				CLANG_WARN_QUOTED_INCLUDE_IN_FRAMEWORK_HEADER = YES;
				CLANG_WARN_RANGE_LOOP_ANALYSIS = YES;
				CLANG_WARN_STRICT_PROTOTYPES = YES;
				CLANG_WARN_SUSPICIOUS_MOVE = YES;
				CLANG_WARN_UNGUARDED_AVAILABILITY = YES_AGGRESSIVE;
				CLANG_WARN_UNREACHABLE_CODE = YES;
				CLANG_WARN__DUPLICATE_METHOD_MATCH = YES;
				COPY_PHASE_STRIP = NO;
				DEBUG_INFORMATION_FORMAT = "dwarf-with-dsym";
				ENABLE_NS_ASSERTIONS = NO;
				ENABLE_STRICT_OBJC_MSGSEND = YES;
				GCC_C_LANGUAGE_STANDARD = gnu11;
				GCC_NO_COMMON_BLOCKS = YES;
				GCC_WARN_64_TO_32_BIT_CONVERSION = YES;
				GCC_WARN_ABOUT_RETURN_TYPE = YES_ERROR;
				GCC_WARN_UNDECLARED_SELECTOR = YES;
				GCC_WARN_UNINITIALIZED_AUTOS = YES_AGGRESSIVE;
				GCC_WARN_UNUSED_FUNCTION = YES;
				GCC_WARN_UNUSED_VARIABLE = YES;
				IPHONEOS_DEPLOYMENT_TARGET = 14.5;
				MTL_ENABLE_DEBUG_INFO = NO;
				MTL_FAST_MATH = YES;
				SDKROOT = iphoneos;
				SWIFT_COMPILATION_MODE = wholemodule;
				SWIFT_OPTIMIZATION_LEVEL = "-O";
				SWIFT_VERSION = 5.0;
				VALIDATE_PRODUCT = YES;
			};
			name = Release;
		};
		C0748EEB2698C20B00C00498 /* Debug */ = {
			isa = XCBuildConfiguration;
			baseConfigurationReference = 0C2C959EC68192EE4A1B7372 /* Pods-Recipes-IOS.debug.xcconfig */;
			buildSettings = {
				ASSETCATALOG_COMPILER_APPICON_NAME = AppIcon;
				ASSETCATALOG_COMPILER_GLOBAL_ACCENT_COLOR_NAME = AccentColor;
				CODE_SIGN_STYLE = Automatic;
				INFOPLIST_FILE = "Recipes-IOS/Info.plist";
				LD_RUNPATH_SEARCH_PATHS = (
					"$(inherited)",
					"@executable_path/Frameworks",
				);
				PRODUCT_BUNDLE_IDENTIFIER = "co.appbrewery.Recipes-IOS";
				PRODUCT_NAME = "$(TARGET_NAME)";
				SWIFT_VERSION = 5.0;
				TARGETED_DEVICE_FAMILY = "1,2";
			};
			name = Debug;
		};
		C0748EEC2698C20B00C00498 /* Release */ = {
			isa = XCBuildConfiguration;
			baseConfigurationReference = 099A36197B1D676C633E9A13 /* Pods-Recipes-IOS.release.xcconfig */;
			buildSettings = {
				ASSETCATALOG_COMPILER_APPICON_NAME = AppIcon;
				ASSETCATALOG_COMPILER_GLOBAL_ACCENT_COLOR_NAME = AccentColor;
				CODE_SIGN_STYLE = Automatic;
				INFOPLIST_FILE = "Recipes-IOS/Info.plist";
				LD_RUNPATH_SEARCH_PATHS = (
					"$(inherited)",
					"@executable_path/Frameworks",
				);
				PRODUCT_BUNDLE_IDENTIFIER = "co.appbrewery.Recipes-IOS";
				PRODUCT_NAME = "$(TARGET_NAME)";
				SWIFT_VERSION = 5.0;
				TARGETED_DEVICE_FAMILY = "1,2";
			};
			name = Release;
		};
/* End XCBuildConfiguration section */

/* Begin XCConfigurationList section */
		C0748ED12698C20A00C00498 /* Build configuration list for PBXProject "Recipes-IOS" */ = {
			isa = XCConfigurationList;
			buildConfigurations = (
				C0748EE82698C20B00C00498 /* Debug */,
				C0748EE92698C20B00C00498 /* Release */,
			);
			defaultConfigurationIsVisible = 0;
			defaultConfigurationName = Release;
		};
		C0748EEA2698C20B00C00498 /* Build configuration list for PBXNativeTarget "Recipes-IOS" */ = {
			isa = XCConfigurationList;
			buildConfigurations = (
				C0748EEB2698C20B00C00498 /* Debug */,
				C0748EEC2698C20B00C00498 /* Release */,
			);
			defaultConfigurationIsVisible = 0;
			defaultConfigurationName = Release;
		};
/* End XCConfigurationList section */
	};
	rootObject = C0748ECE2698C20A00C00498 /* Project object */;
}
